
Microsoft Visual Studio Solution File, Format Version 12.00
# Visual Studio Version 17
VisualStudioVersion = 17.14.36221.1 d17.14
MinimumVisualStudioVersion = 10.0.40219.1
Project("{FAE04EC0-301F-11D3-BF4B-00C04F79EFBC}") = "LibraryManagementSystem", "LibraryManagementSystem\LibraryManagementSystem.csproj", "{669CC6BF-1EB4-4275-B63B-3B44A5F5CEC7}"
EndProject
Global
	GlobalSection(SolutionConfigurationPlatforms) = preSolution
		Debug|Any CPU = Debug|Any CPU
		Release|Any CPU = Release|Any CPU
	EndGlobalSection
	GlobalSection(ProjectConfigurationPlatforms) = postSolution
		{669CC6BF-1EB4-4275-B63B-3B44A5F5CEC7}.Debug|Any CPU.ActiveCfg = Debug|Any CPU
		{669CC6BF-1EB4-4275-B63B-3B44A5F5CEC7}.Debug|Any CPU.Build.0 = Debug|Any CPU
		{669CC6BF-1EB4-4275-B63B-3B44A5F5CEC7}.Release|Any CPU.ActiveCfg = Release|Any CPU
		{669CC6BF-1EB4-4275-B63B-3B44A5F5CEC7}.Release|Any CPU.Build.0 = Release|Any CPU
	EndGlobalSection
	GlobalSection(SolutionProperties) = preSolution
		HideSolutionNode = FALSE
	EndGlobalSection
	GlobalSection(ExtensibilityGlobals) = postSolution
		SolutionGuid = {6C14DF93-D1E7-49DD-9695-0BE5AE6697DD}
	EndGlobalSection
EndGlobal
